// !$*UTF8*$!
{
	archiveVersion = 1;
	classes = {
	};
	objectVersion = 46;
	objects = {

/* Begin PBXBuildFile section */
		84EF2A4D189A298E0089D32D /* facebook-white@2x.png in Resources */ = {isa = PBXBuildFile; fileRef = 84EF2A43189A298E0089D32D /* facebook-white@2x.png */; };
		84EF2A4E189A298E0089D32D /* google-plus-white@2x.png in Resources */ = {isa = PBXBuildFile; fileRef = 84EF2A44189A298E0089D32D /* google-plus-white@2x.png */; };
		84EF2A4F189A298E0089D32D /* linkedin-white@2x.png in Resources */ = {isa = PBXBuildFile; fileRef = 84EF2A45189A298E0089D32D /* linkedin-white@2x.png */; };
		84EF2A50189A298E0089D32D /* pinterest-white@2x.png in Resources */ = {isa = PBXBuildFile; fileRef = 84EF2A46189A298E0089D32D /* pinterest-white@2x.png */; };
		84EF2A51189A298E0089D32D /* twitter-white@2x.png in Resources */ = {isa = PBXBuildFile; fileRef = 84EF2A47189A298E0089D32D /* twitter-white@2x.png */; };
		84EF2A52189A298E0089D32D /* facebook-white.png in Resources */ = {isa = PBXBuildFile; fileRef = 84EF2A48189A298E0089D32D /* facebook-white.png */; };
		84EF2A53189A298E0089D32D /* google-plus-white.png in Resources */ = {isa = PBXBuildFile; fileRef = 84EF2A49189A298E0089D32D /* google-plus-white.png */; };
		84EF2A54189A298E0089D32D /* linkedin-white.png in Resources */ = {isa = PBXBuildFile; fileRef = 84EF2A4A189A298E0089D32D /* linkedin-white.png */; };
		84EF2A55189A298E0089D32D /* pinterest-white.png in Resources */ = {isa = PBXBuildFile; fileRef = 84EF2A4B189A298E0089D32D /* pinterest-white.png */; };
		84EF2A56189A298E0089D32D /* twitter-white.png in Resources */ = {isa = PBXBuildFile; fileRef = 84EF2A4C189A298E0089D32D /* twitter-white.png */; };
		84EF2A5D189BAF730089D32D /* GHCollectionViewController.m in Sources */ = {isa = PBXBuildFile; fileRef = 84EF2A5C189BAF730089D32D /* GHCollectionViewController.m */; };
		84F0C30718962C3F00870008 /* Foundation.framework in Frameworks */ = {isa = PBXBuildFile; fileRef = 84F0C30618962C3F00870008 /* Foundation.framework */; };
		84F0C30918962C3F00870008 /* CoreGraphics.framework in Frameworks */ = {isa = PBXBuildFile; fileRef = 84F0C30818962C3F00870008 /* CoreGraphics.framework */; };
		84F0C30B18962C3F00870008 /* UIKit.framework in Frameworks */ = {isa = PBXBuildFile; fileRef = 84F0C30A18962C3F00870008 /* UIKit.framework */; };
		84F0C31118962C3F00870008 /* InfoPlist.strings in Resources */ = {isa = PBXBuildFile; fileRef = 84F0C30F18962C3F00870008 /* InfoPlist.strings */; };
		84F0C31318962C3F00870008 /* main.m in Sources */ = {isa = PBXBuildFile; fileRef = 84F0C31218962C3F00870008 /* main.m */; };
		84F0C31718962C3F00870008 /* GHAppDelegate.m in Sources */ = {isa = PBXBuildFile; fileRef = 84F0C31618962C3F00870008 /* GHAppDelegate.m */; };
		84F0C31A18962C3F00870008 /* Main.storyboard in Resources */ = {isa = PBXBuildFile; fileRef = 84F0C31818962C3F00870008 /* Main.storyboard */; };
		84F0C31D18962C3F00870008 /* GHViewController.m in Sources */ = {isa = PBXBuildFile; fileRef = 84F0C31C18962C3F00870008 /* GHViewController.m */; };
		84F0C31F18962C3F00870008 /* Images.xcassets in Resources */ = {isa = PBXBuildFile; fileRef = 84F0C31E18962C3F00870008 /* Images.xcassets */; };
		84F0C32618962C3F00870008 /* XCTest.framework in Frameworks */ = {isa = PBXBuildFile; fileRef = 84F0C32518962C3F00870008 /* XCTest.framework */; };
		84F0C32718962C3F00870008 /* Foundation.framework in Frameworks */ = {isa = PBXBuildFile; fileRef = 84F0C30618962C3F00870008 /* Foundation.framework */; };
		84F0C32818962C3F00870008 /* UIKit.framework in Frameworks */ = {isa = PBXBuildFile; fileRef = 84F0C30A18962C3F00870008 /* UIKit.framework */; };
		84F0C33018962C3F00870008 /* InfoPlist.strings in Resources */ = {isa = PBXBuildFile; fileRef = 84F0C32E18962C3F00870008 /* InfoPlist.strings */; };
		84F0C33218962C3F00870008 /* GHContextMenuTests.m in Sources */ = {isa = PBXBuildFile; fileRef = 84F0C33118962C3F00870008 /* GHContextMenuTests.m */; };
		84F0C33E18965E5700870008 /* GHContextMenuView.m in Sources */ = {isa = PBXBuildFile; fileRef = 84F0C33D18965E5700870008 /* GHContextMenuView.m */; };
		84F0C3401896617200870008 /* twitter.png in Resources */ = {isa = PBXBuildFile; fileRef = 84F0C33F1896617200870008 /* twitter.png */; };
/* End PBXBuildFile section */

/* Begin PBXContainerItemProxy section */
		84F0C32918962C3F00870008 /* PBXContainerItemProxy */ = {
			isa = PBXContainerItemProxy;
			containerPortal = 84F0C2FB18962C3F00870008 /* Project object */;
			proxyType = 1;
			remoteGlobalIDString = 84F0C30218962C3F00870008;
			remoteInfo = GHContextMenu;
		};
/* End PBXContainerItemProxy section */

/* Begin PBXFileReference section */
		84EF2A43189A298E0089D32D /* facebook-white@2x.png */ = {isa = PBXFileReference; lastKnownFileType = image.png; path = "facebook-white@2x.png"; sourceTree = "<group>"; };
		84EF2A44189A298E0089D32D /* google-plus-white@2x.png */ = {isa = PBXFileReference; lastKnownFileType = image.png; path = "google-plus-white@2x.png"; sourceTree = "<group>"; };
		84EF2A45189A298E0089D32D /* linkedin-white@2x.png */ = {isa = PBXFileReference; lastKnownFileType = image.png; path = "linkedin-white@2x.png"; sourceTree = "<group>"; };
		84EF2A46189A298E0089D32D /* pinterest-white@2x.png */ = {isa = PBXFileReference; lastKnownFileType = image.png; path = "pinterest-white@2x.png"; sourceTree = "<group>"; };
		84EF2A47189A298E0089D32D /* twitter-white@2x.png */ = {isa = PBXFileReference; lastKnownFileType = image.png; path = "twitter-white@2x.png"; sourceTree = "<group>"; };
		84EF2A48189A298E0089D32D /* facebook-white.png */ = {isa = PBXFileReference; lastKnownFileType = image.png; path = "facebook-white.png"; sourceTree = "<group>"; };
		84EF2A49189A298E0089D32D /* google-plus-white.png */ = {isa = PBXFileReference; lastKnownFileType = image.png; path = "google-plus-white.png"; sourceTree = "<group>"; };
		84EF2A4A189A298E0089D32D /* linkedin-white.png */ = {isa = PBXFileReference; lastKnownFileType = image.png; path = "linkedin-white.png"; sourceTree = "<group>"; };
		84EF2A4B189A298E0089D32D /* pinterest-white.png */ = {isa = PBXFileReference; lastKnownFileType = image.png; path = "pinterest-white.png"; sourceTree = "<group>"; };
		84EF2A4C189A298E0089D32D /* twitter-white.png */ = {isa = PBXFileReference; lastKnownFileType = image.png; path = "twitter-white.png"; sourceTree = "<group>"; };
		84EF2A5B189BAF730089D32D /* GHCollectionViewController.h */ = {isa = PBXFileReference; fileEncoding = 4; lastKnownFileType = sourcecode.c.h; path = GHCollectionViewController.h; sourceTree = "<group>"; };
		84EF2A5C189BAF730089D32D /* GHCollectionViewController.m */ = {isa = PBXFileReference; fileEncoding = 4; lastKnownFileType = sourcecode.c.objc; path = GHCollectionViewController.m; sourceTree = "<group>"; };
		84F0C30318962C3F00870008 /* GHContextMenu.app */ = {isa = PBXFileReference; explicitFileType = wrapper.application; includeInIndex = 0; path = GHContextMenu.app; sourceTree = BUILT_PRODUCTS_DIR; };
		84F0C30618962C3F00870008 /* Foundation.framework */ = {isa = PBXFileReference; lastKnownFileType = wrapper.framework; name = Foundation.framework; path = System/Library/Frameworks/Foundation.framework; sourceTree = SDKROOT; };
		84F0C30818962C3F00870008 /* CoreGraphics.framework */ = {isa = PBXFileReference; lastKnownFileType = wrapper.framework; name = CoreGraphics.framework; path = System/Library/Frameworks/CoreGraphics.framework; sourceTree = SDKROOT; };
		84F0C30A18962C3F00870008 /* UIKit.framework */ = {isa = PBXFileReference; lastKnownFileType = wrapper.framework; name = UIKit.framework; path = System/Library/Frameworks/UIKit.framework; sourceTree = SDKROOT; };
		84F0C30E18962C3F00870008 /* GHContextMenu-Info.plist */ = {isa = PBXFileReference; lastKnownFileType = text.plist.xml; path = "GHContextMenu-Info.plist"; sourceTree = "<group>"; };
		84F0C31018962C3F00870008 /* en */ = {isa = PBXFileReference; lastKnownFileType = text.plist.strings; name = en; path = en.lproj/InfoPlist.strings; sourceTree = "<group>"; };
		84F0C31218962C3F00870008 /* main.m */ = {isa = PBXFileReference; lastKnownFileType = sourcecode.c.objc; path = main.m; sourceTree = "<group>"; };
		84F0C31418962C3F00870008 /* GHContextMenu-Prefix.pch */ = {isa = PBXFileReference; lastKnownFileType = sourcecode.c.h; path = "GHContextMenu-Prefix.pch"; sourceTree = "<group>"; };
		84F0C31518962C3F00870008 /* GHAppDelegate.h */ = {isa = PBXFileReference; lastKnownFileType = sourcecode.c.h; path = GHAppDelegate.h; sourceTree = "<group>"; };
		84F0C31618962C3F00870008 /* GHAppDelegate.m */ = {isa = PBXFileReference; lastKnownFileType = sourcecode.c.objc; path = GHAppDelegate.m; sourceTree = "<group>"; };
		84F0C31918962C3F00870008 /* Base */ = {isa = PBXFileReference; lastKnownFileType = file.storyboard; name = Base; path = Base.lproj/Main.storyboard; sourceTree = "<group>"; };
		84F0C31B18962C3F00870008 /* GHViewController.h */ = {isa = PBXFileReference; lastKnownFileType = sourcecode.c.h; path = GHViewController.h; sourceTree = "<group>"; };
		84F0C31C18962C3F00870008 /* GHViewController.m */ = {isa = PBXFileReference; lastKnownFileType = sourcecode.c.objc; path = GHViewController.m; sourceTree = "<group>"; };
		84F0C31E18962C3F00870008 /* Images.xcassets */ = {isa = PBXFileReference; lastKnownFileType = folder.assetcatalog; path = Images.xcassets; sourceTree = "<group>"; };
		84F0C32418962C3F00870008 /* GHContextMenuTests.xctest */ = {isa = PBXFileReference; explicitFileType = wrapper.cfbundle; includeInIndex = 0; path = GHContextMenuTests.xctest; sourceTree = BUILT_PRODUCTS_DIR; };
		84F0C32518962C3F00870008 /* XCTest.framework */ = {isa = PBXFileReference; lastKnownFileType = wrapper.framework; name = XCTest.framework; path = Library/Frameworks/XCTest.framework; sourceTree = DEVELOPER_DIR; };
		84F0C32D18962C3F00870008 /* GHContextMenuTests-Info.plist */ = {isa = PBXFileReference; lastKnownFileType = text.plist.xml; path = "GHContextMenuTests-Info.plist"; sourceTree = "<group>"; };
		84F0C32F18962C3F00870008 /* en */ = {isa = PBXFileReference; lastKnownFileType = text.plist.strings; name = en; path = en.lproj/InfoPlist.strings; sourceTree = "<group>"; };
		84F0C33118962C3F00870008 /* GHContextMenuTests.m */ = {isa = PBXFileReference; lastKnownFileType = sourcecode.c.objc; path = GHContextMenuTests.m; sourceTree = "<group>"; };
		84F0C33C18965E5700870008 /* GHContextMenuView.h */ = {isa = PBXFileReference; fileEncoding = 4; lastKnownFileType = sourcecode.c.h; path = GHContextMenuView.h; sourceTree = "<group>"; };
		84F0C33D18965E5700870008 /* GHContextMenuView.m */ = {isa = PBXFileReference; fileEncoding = 4; lastKnownFileType = sourcecode.c.objc; path = GHContextMenuView.m; sourceTree = "<group>"; };
		84F0C33F1896617200870008 /* twitter.png */ = {isa = PBXFileReference; lastKnownFileType = image.png; path = twitter.png; sourceTree = "<group>"; };
/* End PBXFileReference section */

/* Begin PBXFrameworksBuildPhase section */
		84F0C30018962C3F00870008 /* Frameworks */ = {
			isa = PBXFrameworksBuildPhase;
			buildActionMask = 2147483647;
			files = (
				84F0C30918962C3F00870008 /* CoreGraphics.framework in Frameworks */,
				84F0C30B18962C3F00870008 /* UIKit.framework in Frameworks */,
				84F0C30718962C3F00870008 /* Foundation.framework in Frameworks */,
			);
			runOnlyForDeploymentPostprocessing = 0;
		};
		84F0C32118962C3F00870008 /* Frameworks */ = {
			isa = PBXFrameworksBuildPhase;
			buildActionMask = 2147483647;
			files = (
				84F0C32618962C3F00870008 /* XCTest.framework in Frameworks */,
				84F0C32818962C3F00870008 /* UIKit.framework in Frameworks */,
				84F0C32718962C3F00870008 /* Foundation.framework in Frameworks */,
			);
			runOnlyForDeploymentPostprocessing = 0;
		};
/* End PBXFrameworksBuildPhase section */

/* Begin PBXGroup section */
		84EF2A42189A29790089D32D /* Menu images */ = {
			isa = PBXGroup;
			children = (
				84EF2A43189A298E0089D32D /* facebook-white@2x.png */,
				84EF2A44189A298E0089D32D /* google-plus-white@2x.png */,
				84EF2A45189A298E0089D32D /* linkedin-white@2x.png */,
				84EF2A46189A298E0089D32D /* pinterest-white@2x.png */,
				84EF2A47189A298E0089D32D /* twitter-white@2x.png */,
				84EF2A48189A298E0089D32D /* facebook-white.png */,
				84EF2A49189A298E0089D32D /* google-plus-white.png */,
				84EF2A4A189A298E0089D32D /* linkedin-white.png */,
				84EF2A4B189A298E0089D32D /* pinterest-white.png */,
				84EF2A4C189A298E0089D32D /* twitter-white.png */,
			);
			name = "Menu images";
			sourceTree = "<group>";
		};
		84F0C2FA18962C3F00870008 = {
			isa = PBXGroup;
			children = (
				84F0C30C18962C3F00870008 /* GHContextMenu */,
				84F0C32B18962C3F00870008 /* GHContextMenuTests */,
				84F0C30518962C3F00870008 /* Frameworks */,
				84F0C30418962C3F00870008 /* Products */,
			);
			sourceTree = "<group>";
		};
		84F0C30418962C3F00870008 /* Products */ = {
			isa = PBXGroup;
			children = (
				84F0C30318962C3F00870008 /* GHContextMenu.app */,
				84F0C32418962C3F00870008 /* GHContextMenuTests.xctest */,
			);
			name = Products;
			sourceTree = "<group>";
		};
		84F0C30518962C3F00870008 /* Frameworks */ = {
			isa = PBXGroup;
			children = (
				84F0C30618962C3F00870008 /* Foundation.framework */,
				84F0C30818962C3F00870008 /* CoreGraphics.framework */,
				84F0C30A18962C3F00870008 /* UIKit.framework */,
				84F0C32518962C3F00870008 /* XCTest.framework */,
			);
			name = Frameworks;
			sourceTree = "<group>";
		};
		84F0C30C18962C3F00870008 /* GHContextMenu */ = {
			isa = PBXGroup;
			children = (
				84F0C33B18962C5100870008 /* ContextMenu */,
				84F0C31518962C3F00870008 /* GHAppDelegate.h */,
				84F0C31618962C3F00870008 /* GHAppDelegate.m */,
				84F0C31818962C3F00870008 /* Main.storyboard */,
				84F0C31B18962C3F00870008 /* GHViewController.h */,
				84F0C31C18962C3F00870008 /* GHViewController.m */,
				84EF2A5B189BAF730089D32D /* GHCollectionViewController.h */,
				84EF2A5C189BAF730089D32D /* GHCollectionViewController.m */,
				84F0C31E18962C3F00870008 /* Images.xcassets */,
				84F0C30D18962C3F00870008 /* Supporting Files */,
			);
			path = GHContextMenu;
			sourceTree = "<group>";
		};
		84F0C30D18962C3F00870008 /* Supporting Files */ = {
			isa = PBXGroup;
			children = (
				84F0C33F1896617200870008 /* twitter.png */,
				84EF2A42189A29790089D32D /* Menu images */,
				84F0C30E18962C3F00870008 /* GHContextMenu-Info.plist */,
				84F0C30F18962C3F00870008 /* InfoPlist.strings */,
				84F0C31218962C3F00870008 /* main.m */,
				84F0C31418962C3F00870008 /* GHContextMenu-Prefix.pch */,
			);
			name = "Supporting Files";
			sourceTree = "<group>";
		};
		84F0C32B18962C3F00870008 /* GHContextMenuTests */ = {
			isa = PBXGroup;
			children = (
				84F0C33118962C3F00870008 /* GHContextMenuTests.m */,
				84F0C32C18962C3F00870008 /* Supporting Files */,
			);
			path = GHContextMenuTests;
			sourceTree = "<group>";
		};
		84F0C32C18962C3F00870008 /* Supporting Files */ = {
			isa = PBXGroup;
			children = (
				84F0C32D18962C3F00870008 /* GHContextMenuTests-Info.plist */,
				84F0C32E18962C3F00870008 /* InfoPlist.strings */,
			);
			name = "Supporting Files";
			sourceTree = "<group>";
		};
		84F0C33B18962C5100870008 /* ContextMenu */ = {
			isa = PBXGroup;
			children = (
				84F0C33C18965E5700870008 /* GHContextMenuView.h */,
				84F0C33D18965E5700870008 /* GHContextMenuView.m */,
			);
			name = ContextMenu;
			sourceTree = "<group>";
		};
/* End PBXGroup section */

/* Begin PBXNativeTarget section */
		84F0C30218962C3F00870008 /* GHContextMenu */ = {
			isa = PBXNativeTarget;
			buildConfigurationList = 84F0C33518962C3F00870008 /* Build configuration list for PBXNativeTarget "GHContextMenu" */;
			buildPhases = (
				84F0C2FF18962C3F00870008 /* Sources */,
				84F0C30018962C3F00870008 /* Frameworks */,
				84F0C30118962C3F00870008 /* Resources */,
			);
			buildRules = (
			);
			dependencies = (
			);
			name = GHContextMenu;
			productName = GHContextMenu;
			productReference = 84F0C30318962C3F00870008 /* GHContextMenu.app */;
			productType = "com.apple.product-type.application";
		};
		84F0C32318962C3F00870008 /* GHContextMenuTests */ = {
			isa = PBXNativeTarget;
			buildConfigurationList = 84F0C33818962C3F00870008 /* Build configuration list for PBXNativeTarget "GHContextMenuTests" */;
			buildPhases = (
				84F0C32018962C3F00870008 /* Sources */,
				84F0C32118962C3F00870008 /* Frameworks */,
				84F0C32218962C3F00870008 /* Resources */,
			);
			buildRules = (
			);
			dependencies = (
				84F0C32A18962C3F00870008 /* PBXTargetDependency */,
			);
			name = GHContextMenuTests;
			productName = GHContextMenuTests;
			productReference = 84F0C32418962C3F00870008 /* GHContextMenuTests.xctest */;
			productType = "com.apple.product-type.bundle.unit-test";
		};
/* End PBXNativeTarget section */

/* Begin PBXProject section */
		84F0C2FB18962C3F00870008 /* Project object */ = {
			isa = PBXProject;
			attributes = {
				CLASSPREFIX = GH;
				LastUpgradeCheck = 0500;
				ORGANIZATIONNAME = Tapasya;
				TargetAttributes = {
					84F0C32318962C3F00870008 = {
						TestTargetID = 84F0C30218962C3F00870008;
					};
				};
			};
			buildConfigurationList = 84F0C2FE18962C3F00870008 /* Build configuration list for PBXProject "GHContextMenuDemo" */;
			compatibilityVersion = "Xcode 3.2";
			developmentRegion = English;
			hasScannedForEncodings = 0;
			knownRegions = (
				en,
				Base,
			);
			mainGroup = 84F0C2FA18962C3F00870008;
			productRefGroup = 84F0C30418962C3F00870008 /* Products */;
			projectDirPath = "";
			projectRoot = "";
			targets = (
				84F0C30218962C3F00870008 /* GHContextMenu */,
				84F0C32318962C3F00870008 /* GHContextMenuTests */,
			);
		};
/* End PBXProject section */

/* Begin PBXResourcesBuildPhase section */
		84F0C30118962C3F00870008 /* Resources */ = {
			isa = PBXResourcesBuildPhase;
			buildActionMask = 2147483647;
			files = (
				84EF2A4F189A298E0089D32D /* linkedin-white@2x.png in Resources */,
				84EF2A53189A298E0089D32D /* google-plus-white.png in Resources */,
				84EF2A52189A298E0089D32D /* facebook-white.png in Resources */,
				84F0C31F18962C3F00870008 /* Images.xcassets in Resources */,
				84F0C3401896617200870008 /* twitter.png in Resources */,
				84EF2A54189A298E0089D32D /* linkedin-white.png in Resources */,
				84EF2A4D189A298E0089D32D /* facebook-white@2x.png in Resources */,
				84EF2A55189A298E0089D32D /* pinterest-white.png in Resources */,
				84EF2A51189A298E0089D32D /* twitter-white@2x.png in Resources */,
				84EF2A4E189A298E0089D32D /* google-plus-white@2x.png in Resources */,
				84F0C31118962C3F00870008 /* InfoPlist.strings in Resources */,
				84EF2A56189A298E0089D32D /* twitter-white.png in Resources */,
				84F0C31A18962C3F00870008 /* Main.storyboard in Resources */,
				84EF2A50189A298E0089D32D /* pinterest-white@2x.png in Resources */,
			);
			runOnlyForDeploymentPostprocessing = 0;
		};
		84F0C32218962C3F00870008 /* Resources */ = {
			isa = PBXResourcesBuildPhase;
			buildActionMask = 2147483647;
			files = (
				84F0C33018962C3F00870008 /* InfoPlist.strings in Resources */,
			);
			runOnlyForDeploymentPostprocessing = 0;
		};
/* End PBXResourcesBuildPhase section */

/* Begin PBXSourcesBuildPhase section */
		84F0C2FF18962C3F00870008 /* Sources */ = {
			isa = PBXSourcesBuildPhase;
			buildActionMask = 2147483647;
			files = (
				84F0C31318962C3F00870008 /* main.m in Sources */,
				84F0C31D18962C3F00870008 /* GHViewController.m in Sources */,
				84EF2A5D189BAF730089D32D /* GHCollectionViewController.m in Sources */,
				84F0C33E18965E5700870008 /* GHContextMenuView.m in Sources */,
				84F0C31718962C3F00870008 /* GHAppDelegate.m in Sources */,
			);
			runOnlyForDeploymentPostprocessing = 0;
		};
		84F0C32018962C3F00870008 /* Sources */ = {
			isa = PBXSourcesBuildPhase;
			buildActionMask = 2147483647;
			files = (
				84F0C33218962C3F00870008 /* GHContextMenuTests.m in Sources */,
			);
			runOnlyForDeploymentPostprocessing = 0;
		};
/* End PBXSourcesBuildPhase section */

/* Begin PBXTargetDependency section */
		84F0C32A18962C3F00870008 /* PBXTargetDependency */ = {
			isa = PBXTargetDependency;
			target = 84F0C30218962C3F00870008 /* GHContextMenu */;
			targetProxy = 84F0C32918962C3F00870008 /* PBXContainerItemProxy */;
		};
/* End PBXTargetDependency section */

/* Begin PBXVariantGroup section */
		84F0C30F18962C3F00870008 /* InfoPlist.strings */ = {
			isa = PBXVariantGroup;
			children = (
				84F0C31018962C3F00870008 /* en */,
			);
			name = InfoPlist.strings;
			sourceTree = "<group>";
		};
		84F0C31818962C3F00870008 /* Main.storyboard */ = {
			isa = PBXVariantGroup;
			children = (
				84F0C31918962C3F00870008 /* Base */,
			);
			name = Main.storyboard;
			sourceTree = "<group>";
		};
		84F0C32E18962C3F00870008 /* InfoPlist.strings */ = {
			isa = PBXVariantGroup;
			children = (
				84F0C32F18962C3F00870008 /* en */,
			);
			name = InfoPlist.strings;
			sourceTree = "<group>";
		};
/* End PBXVariantGroup section */

/* Begin XCBuildConfiguration section */
		84F0C33318962C3F00870008 /* Debug */ = {
			isa = XCBuildConfiguration;
			buildSettings = {
				ALWAYS_SEARCH_USER_PATHS = NO;
				ARCHS = "$(ARCHS_STANDARD_INCLUDING_64_BIT)";
				CLANG_CXX_LANGUAGE_STANDARD = "gnu++0x";
				CLANG_CXX_LIBRARY = "libc++";
				CLANG_ENABLE_MODULES = YES;
				CLANG_ENABLE_OBJC_ARC = YES;
				CLANG_WARN_BOOL_CONVERSION = YES;
				CLANG_WARN_CONSTANT_CONVERSION = YES;
				CLANG_WARN_DIRECT_OBJC_ISA_USAGE = YES_ERROR;
				CLANG_WARN_EMPTY_BODY = YES;
				CLANG_WARN_ENUM_CONVERSION = YES;
				CLANG_WARN_INT_CONVERSION = YES;
				CLANG_WARN_OBJC_ROOT_CLASS = YES_ERROR;
				CLANG_WARN__DUPLICATE_METHOD_MATCH = YES;
				"CODE_SIGN_IDENTITY[sdk=iphoneos*]" = "iPhone Developer";
				COPY_PHASE_STRIP = NO;
				GCC_C_LANGUAGE_STANDARD = gnu99;
				GCC_DYNAMIC_NO_PIC = NO;
				GCC_OPTIMIZATION_LEVEL = 0;
				GCC_PREPROCESSOR_DEFINITIONS = (
					"DEBUG=1",
					"$(inherited)",
				);
				GCC_SYMBOLS_PRIVATE_EXTERN = NO;
				GCC_WARN_64_TO_32_BIT_CONVERSION = YES;
				GCC_WARN_ABOUT_RETURN_TYPE = YES_ERROR;
				GCC_WARN_UNDECLARED_SELECTOR = YES;
				GCC_WARN_UNINITIALIZED_AUTOS = YES;
				GCC_WARN_UNUSED_FUNCTION = YES;
				GCC_WARN_UNUSED_VARIABLE = YES;
				IPHONEOS_DEPLOYMENT_TARGET = 7.0;
				ONLY_ACTIVE_ARCH = YES;
				SDKROOT = iphoneos;
			};
			name = Debug;
		};
		84F0C33418962C3F00870008 /* Release */ = {
			isa = XCBuildConfiguration;
			buildSettings = {
				ALWAYS_SEARCH_USER_PATHS = NO;
				ARCHS = "$(ARCHS_STANDARD_INCLUDING_64_BIT)";
				CLANG_CXX_LANGUAGE_STANDARD = "gnu++0x";
				CLANG_CXX_LIBRARY = "libc++";
				CLANG_ENABLE_MODULES = YES;
				CLANG_ENABLE_OBJC_ARC = YES;
				CLANG_WARN_BOOL_CONVERSION = YES;
				CLANG_WARN_CONSTANT_CONVERSION = YES;
				CLANG_WARN_DIRECT_OBJC_ISA_USAGE = YES_ERROR;
				CLANG_WARN_EMPTY_BODY = YES;
				CLANG_WARN_ENUM_CONVERSION = YES;
				CLANG_WARN_INT_CONVERSION = YES;
				CLANG_WARN_OBJC_ROOT_CLASS = YES_ERROR;
				CLANG_WARN__DUPLICATE_METHOD_MATCH = YES;
				"CODE_SIGN_IDENTITY[sdk=iphoneos*]" = "iPhone Developer";
				COPY_PHASE_STRIP = YES;
				ENABLE_NS_ASSERTIONS = NO;
				GCC_C_LANGUAGE_STANDARD = gnu99;
				GCC_WARN_64_TO_32_BIT_CONVERSION = YES;
				GCC_WARN_ABOUT_RETURN_TYPE = YES_ERROR;
				GCC_WARN_UNDECLARED_SELECTOR = YES;
				GCC_WARN_UNINITIALIZED_AUTOS = YES;
				GCC_WARN_UNUSED_FUNCTION = YES;
				GCC_WARN_UNUSED_VARIABLE = YES;
				IPHONEOS_DEPLOYMENT_TARGET = 7.0;
				SDKROOT = iphoneos;
				VALIDATE_PRODUCT = YES;
			};
			name = Release;
		};
		84F0C33618962C3F00870008 /* Debug */ = {
			isa = XCBuildConfiguration;
			buildSettings = {
				ASSETCATALOG_COMPILER_APPICON_NAME = AppIcon;
				ASSETCATALOG_COMPILER_LAUNCHIMAGE_NAME = LaunchImage;
				GCC_PRECOMPILE_PREFIX_HEADER = YES;
				GCC_PREFIX_HEADER = "GHContextMenu/GHContextMenu-Prefix.pch";
				INFOPLIST_FILE = "GHContextMenu/GHContextMenu-Info.plist";
				PRODUCT_NAME = "$(TARGET_NAME)";
				WRAPPER_EXTENSION = app;
			};
			name = Debug;
		};
		84F0C33718962C3F00870008 /* Release */ = {
			isa = XCBuildConfiguration;
			buildSettings = {
				ASSETCATALOG_COMPILER_APPICON_NAME = AppIcon;
				ASSETCATALOG_COMPILER_LAUNCHIMAGE_NAME = LaunchImage;
				GCC_PRECOMPILE_PREFIX_HEADER = YES;
				GCC_PREFIX_HEADER = "GHContextMenu/GHContextMenu-Prefix.pch";
				INFOPLIST_FILE = "GHContextMenu/GHContextMenu-Info.plist";
				PRODUCT_NAME = "$(TARGET_NAME)";
				WRAPPER_EXTENSION = app;
			};
			name = Release;
		};
		84F0C33918962C3F00870008 /* Debug */ = {
			isa = XCBuildConfiguration;
			buildSettings = {
				ARCHS = "$(ARCHS_STANDARD_INCLUDING_64_BIT)";
				BUNDLE_LOADER = "$(BUILT_PRODUCTS_DIR)/GHContextMenu.app/GHContextMenu";
				FRAMEWORK_SEARCH_PATHS = (
					"$(SDKROOT)/Developer/Library/Frameworks",
					"$(inherited)",
					"$(DEVELOPER_FRAMEWORKS_DIR)",
				);
				GCC_PRECOMPILE_PREFIX_HEADER = YES;
				GCC_PREFIX_HEADER = "GHContextMenu/GHContextMenu-Prefix.pch";
				GCC_PREPROCESSOR_DEFINITIONS = (
					"DEBUG=1",
					"$(inherited)",
				);
				INFOPLIST_FILE = "GHContextMenuTests/GHContextMenuTests-Info.plist";
				PRODUCT_NAME = "$(TARGET_NAME)";
				TEST_HOST = "$(BUNDLE_LOADER)";
				WRAPPER_EXTENSION = xctest;
			};
			name = Debug;
		};
		84F0C33A18962C3F00870008 /* Release */ = {
			isa = XCBuildConfiguration;
			buildSettings = {
				ARCHS = "$(ARCHS_STANDARD_INCLUDING_64_BIT)";
				BUNDLE_LOADER = "$(BUILT_PRODUCTS_DIR)/GHContextMenu.app/GHContextMenu";
				FRAMEWORK_SEARCH_PATHS = (
					"$(SDKROOT)/Developer/Library/Frameworks",
					"$(inherited)",
					"$(DEVELOPER_FRAMEWORKS_DIR)",
				);
				GCC_PRECOMPILE_PREFIX_HEADER = YES;
				GCC_PREFIX_HEADER = "GHContextMenu/GHContextMenu-Prefix.pch";
				INFOPLIST_FILE = "GHContextMenuTests/GHContextMenuTests-Info.plist";
				PRODUCT_NAME = "$(TARGET_NAME)";
				TEST_HOST = "$(BUNDLE_LOADER)";
				WRAPPER_EXTENSION = xctest;
			};
			name = Release;
		};
/* End XCBuildConfiguration section */

/* Begin XCConfigurationList section */
		84F0C2FE18962C3F00870008 /* Build configuration list for PBXProject "GHContextMenuDemo" */ = {
			isa = XCConfigurationList;
			buildConfigurations = (
				84F0C33318962C3F00870008 /* Debug */,
				84F0C33418962C3F00870008 /* Release */,
			);
			defaultConfigurationIsVisible = 0;
			defaultConfigurationName = Release;
		};
		84F0C33518962C3F00870008 /* Build configuration list for PBXNativeTarget "GHContextMenu" */ = {
			isa = XCConfigurationList;
			buildConfigurations = (
				84F0C33618962C3F00870008 /* Debug */,
				84F0C33718962C3F00870008 /* Release */,
			);
			defaultConfigurationIsVisible = 0;
			defaultConfigurationName = Release;
		};
		84F0C33818962C3F00870008 /* Build configuration list for PBXNativeTarget "GHContextMenuTests" */ = {
			isa = XCConfigurationList;
			buildConfigurations = (
				84F0C33918962C3F00870008 /* Debug */,
				84F0C33A18962C3F00870008 /* Release */,
			);
			defaultConfigurationIsVisible = 0;
			defaultConfigurationName = Release;
		};
/* End XCConfigurationList section */
	};
	rootObject = 84F0C2FB18962C3F00870008 /* Project object */;
}
